
Microsoft Visual Studio Solution File, Format Version 12.00
# Visual Studio Version 17
VisualStudioVersion = 17.0.31903.59
MinimumVisualStudioVersion = 10.0.40219.1
Project("{2150E333-8FDC-42A3-9474-1A3956D46DE8}") = "src", "src", "{827E0CD3-B72D-47B6-A68D-7590B98EB39B}"
EndProject
Project("{2150E333-8FDC-42A3-9474-1A3956D46DE8}") = "tests", "tests", "{0AB3BF05-4346-4AA6-1389-037BE0695223}"
EndProject
Project("{FAE04EC0-301F-11D3-BF4B-00C04F79EFBC}") = "CleanArch.EntraApi.Application.Tests", "tests\CleanArch.EntraApi.Application.Tests\CleanArch.EntraApi.Application.Tests.csproj", "{82CA3046-D469-42A3-B60D-DEDE272B0436}"
EndProject
Project("{FAE04EC0-301F-11D3-BF4B-00C04F79EFBC}") = "CleanArch.EntraApi.Integration.Tests", "tests\CleanArch.EntraApi.Integration.Tests\CleanArch.EntraApi.Integration.Tests.csproj", "{EB3062A9-3733-45AE-8933-EB4CF354851A}"
EndProject
Project("{FAE04EC0-301F-11D3-BF4B-00C04F79EFBC}") = "CleanArch.EntraApi.Domain", "CleanArch.EntraApi.Domain\CleanArch.EntraApi.Domain.csproj", "{042ED7FE-EE32-411B-A1EC-4F0FD70EE391}"
EndProject
Project("{FAE04EC0-301F-11D3-BF4B-00C04F79EFBC}") = "CleanArch.EntraApi.Application", "CleanArch.EntraApi.Application\CleanArch.EntraApi.Application.csproj", "{E9680CA5-B1E8-4321-9530-662B5935D965}"
EndProject
Project("{FAE04EC0-301F-11D3-BF4B-00C04F79EFBC}") = "CleanArch.EntraApi.Infrastructure", "CleanArch.EntraApi.Infrastructure\CleanArch.EntraApi.Infrastructure.csproj", "{7CE371BD-C3C2-4E27-A871-A82CB3C64806}"
EndProject
Project("{FAE04EC0-301F-11D3-BF4B-00C04F79EFBC}") = "CleanArch.EntraApi.WebApi", "CleanArch.EntraApi.WebApi\CleanArch.EntraApi.WebApi.csproj", "{25C9F21A-F00E-4EF0-9325-517BC7EAC562}"
EndProject
Global
	GlobalSection(SolutionConfigurationPlatforms) = preSolution
		Debug|Any CPU = Debug|Any CPU
		Debug|x64 = Debug|x64
		Debug|x86 = Debug|x86
		Release|Any CPU = Release|Any CPU
		Release|x64 = Release|x64
		Release|x86 = Release|x86
	EndGlobalSection
	GlobalSection(ProjectConfigurationPlatforms) = postSolution
		{82CA3046-D469-42A3-B60D-DEDE272B0436}.Debug|Any CPU.ActiveCfg = Debug|Any CPU
		{82CA3046-D469-42A3-B60D-DEDE272B0436}.Debug|Any CPU.Build.0 = Debug|Any CPU
		{82CA3046-D469-42A3-B60D-DEDE272B0436}.Debug|x64.ActiveCfg = Debug|Any CPU
		{82CA3046-D469-42A3-B60D-DEDE272B0436}.Debug|x64.Build.0 = Debug|Any CPU
		{82CA3046-D469-42A3-B60D-DEDE272B0436}.Debug|x86.ActiveCfg = Debug|Any CPU
		{82CA3046-D469-42A3-B60D-DEDE272B0436}.Debug|x86.Build.0 = Debug|Any CPU
		{82CA3046-D469-42A3-B60D-DEDE272B0436}.Release|Any CPU.ActiveCfg = Release|Any CPU
		{82CA3046-D469-42A3-B60D-DEDE272B0436}.Release|Any CPU.Build.0 = Release|Any CPU
		{82CA3046-D469-42A3-B60D-DEDE272B0436}.Release|x64.ActiveCfg = Release|Any CPU
		{82CA3046-D469-42A3-B60D-DEDE272B0436}.Release|x64.Build.0 = Release|Any CPU
		{82CA3046-D469-42A3-B60D-DEDE272B0436}.Release|x86.ActiveCfg = Release|Any CPU
		{82CA3046-D469-42A3-B60D-DEDE272B0436}.Release|x86.Build.0 = Release|Any CPU
		{EB3062A9-3733-45AE-8933-EB4CF354851A}.Debug|Any CPU.ActiveCfg = Debug|Any CPU
		{EB3062A9-3733-45AE-8933-EB4CF354851A}.Debug|Any CPU.Build.0 = Debug|Any CPU
		{EB3062A9-3733-45AE-8933-EB4CF354851A}.Debug|x64.ActiveCfg = Debug|Any CPU
		{EB3062A9-3733-45AE-8933-EB4CF354851A}.Debug|x64.Build.0 = Debug|Any CPU
		{EB3062A9-3733-45AE-8933-EB4CF354851A}.Debug|x86.ActiveCfg = Debug|Any CPU
		{EB3062A9-3733-45AE-8933-EB4CF354851A}.Debug|x86.Build.0 = Debug|Any CPU
		{EB3062A9-3733-45AE-8933-EB4CF354851A}.Release|Any CPU.ActiveCfg = Release|Any CPU
		{EB3062A9-3733-45AE-8933-EB4CF354851A}.Release|Any CPU.Build.0 = Release|Any CPU
		{EB3062A9-3733-45AE-8933-EB4CF354851A}.Release|x64.ActiveCfg = Release|Any CPU
		{EB3062A9-3733-45AE-8933-EB4CF354851A}.Release|x64.Build.0 = Release|Any CPU
		{EB3062A9-3733-45AE-8933-EB4CF354851A}.Release|x86.ActiveCfg = Release|Any CPU
		{EB3062A9-3733-45AE-8933-EB4CF354851A}.Release|x86.Build.0 = Release|Any CPU
		{042ED7FE-EE32-411B-A1EC-4F0FD70EE391}.Debug|Any CPU.ActiveCfg = Debug|Any CPU
		{042ED7FE-EE32-411B-A1EC-4F0FD70EE391}.Debug|Any CPU.Build.0 = Debug|Any CPU
		{042ED7FE-EE32-411B-A1EC-4F0FD70EE391}.Debug|x64.ActiveCfg = Debug|Any CPU
		{042ED7FE-EE32-411B-A1EC-4F0FD70EE391}.Debug|x64.Build.0 = Debug|Any CPU
		{042ED7FE-EE32-411B-A1EC-4F0FD70EE391}.Debug|x86.ActiveCfg = Debug|Any CPU
		{042ED7FE-EE32-411B-A1EC-4F0FD70EE391}.Debug|x86.Build.0 = Debug|Any CPU
		{042ED7FE-EE32-411B-A1EC-4F0FD70EE391}.Release|Any CPU.ActiveCfg = Release|Any CPU
		{042ED7FE-EE32-411B-A1EC-4F0FD70EE391}.Release|Any CPU.Build.0 = Release|Any CPU
		{042ED7FE-EE32-411B-A1EC-4F0FD70EE391}.Release|x64.ActiveCfg = Release|Any CPU
		{042ED7FE-EE32-411B-A1EC-4F0FD70EE391}.Release|x64.Build.0 = Release|Any CPU
		{042ED7FE-EE32-411B-A1EC-4F0FD70EE391}.Release|x86.ActiveCfg = Release|Any CPU
		{042ED7FE-EE32-411B-A1EC-4F0FD70EE391}.Release|x86.Build.0 = Release|Any CPU
		{E9680CA5-B1E8-4321-9530-662B5935D965}.Debug|Any CPU.ActiveCfg = Debug|Any CPU
		{E9680CA5-B1E8-4321-9530-662B5935D965}.Debug|Any CPU.Build.0 = Debug|Any CPU
		{E9680CA5-B1E8-4321-9530-662B5935D965}.Debug|x64.ActiveCfg = Debug|Any CPU
		{E9680CA5-B1E8-4321-9530-662B5935D965}.Debug|x64.Build.0 = Debug|Any CPU
		{E9680CA5-B1E8-4321-9530-662B5935D965}.Debug|x86.ActiveCfg = Debug|Any CPU
		{E9680CA5-B1E8-4321-9530-662B5935D965}.Debug|x86.Build.0 = Debug|Any CPU
		{E9680CA5-B1E8-4321-9530-662B5935D965}.Release|Any CPU.ActiveCfg = Release|Any CPU
		{E9680CA5-B1E8-4321-9530-662B5935D965}.Release|Any CPU.Build.0 = Release|Any CPU
		{E9680CA5-B1E8-4321-9530-662B5935D965}.Release|x64.ActiveCfg = Release|Any CPU
		{E9680CA5-B1E8-4321-9530-662B5935D965}.Release|x64.Build.0 = Release|Any CPU
		{E9680CA5-B1E8-4321-9530-662B5935D965}.Release|x86.ActiveCfg = Release|Any CPU
		{E9680CA5-B1E8-4321-9530-662B5935D965}.Release|x86.Build.0 = Release|Any CPU
		{7CE371BD-C3C2-4E27-A871-A82CB3C64806}.Debug|Any CPU.ActiveCfg = Debug|Any CPU
		{7CE371BD-C3C2-4E27-A871-A82CB3C64806}.Debug|Any CPU.Build.0 = Debug|Any CPU
		{7CE371BD-C3C2-4E27-A871-A82CB3C64806}.Debug|x64.ActiveCfg = Debug|Any CPU
		{7CE371BD-C3C2-4E27-A871-A82CB3C64806}.Debug|x64.Build.0 = Debug|Any CPU
		{7CE371BD-C3C2-4E27-A871-A82CB3C64806}.Debug|x86.ActiveCfg = Debug|Any CPU
		{7CE371BD-C3C2-4E27-A871-A82CB3C64806}.Debug|x86.Build.0 = Debug|Any CPU
		{7CE371BD-C3C2-4E27-A871-A82CB3C64806}.Release|Any CPU.ActiveCfg = Release|Any CPU
		{7CE371BD-C3C2-4E27-A871-A82CB3C64806}.Release|Any CPU.Build.0 = Release|Any CPU
		{7CE371BD-C3C2-4E27-A871-A82CB3C64806}.Release|x64.ActiveCfg = Release|Any CPU
		{7CE371BD-C3C2-4E27-A871-A82CB3C64806}.Release|x64.Build.0 = Release|Any CPU
		{7CE371BD-C3C2-4E27-A871-A82CB3C64806}.Release|x86.ActiveCfg = Release|Any CPU
		{7CE371BD-C3C2-4E27-A871-A82CB3C64806}.Release|x86.Build.0 = Release|Any CPU
		{25C9F21A-F00E-4EF0-9325-517BC7EAC562}.Debug|Any CPU.ActiveCfg = Debug|Any CPU
		{25C9F21A-F00E-4EF0-9325-517BC7EAC562}.Debug|Any CPU.Build.0 = Debug|Any CPU
		{25C9F21A-F00E-4EF0-9325-517BC7EAC562}.Debug|x64.ActiveCfg = Debug|Any CPU
		{25C9F21A-F00E-4EF0-9325-517BC7EAC562}.Debug|x64.Build.0 = Debug|Any CPU
		{25C9F21A-F00E-4EF0-9325-517BC7EAC562}.Debug|x86.ActiveCfg = Debug|Any CPU
		{25C9F21A-F00E-4EF0-9325-517BC7EAC562}.Debug|x86.Build.0 = Debug|Any CPU
		{25C9F21A-F00E-4EF0-9325-517BC7EAC562}.Release|Any CPU.ActiveCfg = Release|Any CPU
		{25C9F21A-F00E-4EF0-9325-517BC7EAC562}.Release|Any CPU.Build.0 = Release|Any CPU
		{25C9F21A-F00E-4EF0-9325-517BC7EAC562}.Release|x64.ActiveCfg = Release|Any CPU
		{25C9F21A-F00E-4EF0-9325-517BC7EAC562}.Release|x64.Build.0 = Release|Any CPU
		{25C9F21A-F00E-4EF0-9325-517BC7EAC562}.Release|x86.ActiveCfg = Release|Any CPU
		{25C9F21A-F00E-4EF0-9325-517BC7EAC562}.Release|x86.Build.0 = Release|Any CPU
	EndGlobalSection
	GlobalSection(SolutionProperties) = preSolution
		HideSolutionNode = FALSE
	EndGlobalSection
	GlobalSection(NestedProjects) = preSolution
		{82CA3046-D469-42A3-B60D-DEDE272B0436} = {0AB3BF05-4346-4AA6-1389-037BE0695223}
		{EB3062A9-3733-45AE-8933-EB4CF354851A} = {0AB3BF05-4346-4AA6-1389-037BE0695223}
		{042ED7FE-EE32-411B-A1EC-4F0FD70EE391} = {827E0CD3-B72D-47B6-A68D-7590B98EB39B}
		{E9680CA5-B1E8-4321-9530-662B5935D965} = {827E0CD3-B72D-47B6-A68D-7590B98EB39B}
		{7CE371BD-C3C2-4E27-A871-A82CB3C64806} = {827E0CD3-B72D-47B6-A68D-7590B98EB39B}
		{25C9F21A-F00E-4EF0-9325-517BC7EAC562} = {827E0CD3-B72D-47B6-A68D-7590B98EB39B}
	EndGlobalSection
	GlobalSection(ExtensibilityGlobals) = postSolution
		SolutionGuid = {48ECD830-ACC7-4055-B106-3EB9CD5C35E4}
	EndGlobalSection
EndGlobal
